{
  "name": "3.2.3_2_ejercicios_fuera_clase",
  "version": "1.0.0",
  "lockfileVersion": 1,
  "requires": true,
  "dependencies": {
    "kleur": {
      "version": "3.0.3",
      "resolved": "https://registry.npmjs.org/kleur/-/kleur-3.0.3.tgz",
      "integrity": "sha512-eTIzlVOSUR+JxdDFepEYcBMtZ9Qqdef+rnzWdRZuMbOywu5tO2w2N7rqjoANZ5k9vywhL6Br1VRjUIgTQx4E8w=="
    },
    "print-message": {
      "version": "3.0.1",
      "resolved": "https://registry.npmjs.org/print-message/-/print-message-3.0.1.tgz",
      "integrity": "sha512-wsvsI08pLCPL+lHURVmlZ2KjXN/rLKNyeKN/r3FkXAX6ZByE8Fv8ZmvkQFqpdPdyfCPty3PzznrDda+E8DvN8Q==",
      "requires": {
        "kleur": "3.0.3"
      }
    },
    "readline-sync": {
      "version": "1.4.10",
      "resolved": "https://registry.npmjs.org/readline-sync/-/readline-sync-1.4.10.tgz",
      "integrity": "sha512-gNva8/6UAe8QYepIQH/jQ2qn91Qj0B9sYjMBBs3QOB8F2CXcKgLxQaJRP76sWVRQt+QU+8fAkCbCvjjMFu7Ycw=="
    }
  }
}
